# This file is automatically @generated by Cargo.
# It is not intended for manual editing.
[[package]]
name = "bmi-calculator"
version = "0.2.0"
dependencies = [
 "ndless",
 "ndless-handler",
]

[[package]]
name = "cstr_core"
version = "0.1.2"
source = "registry+https://github.com/rust-lang/crates.io-index"
checksum = "6ebe7158ee57e848621d24d0ed87910edb97639cb94ad9977edf440e31226035"
dependencies = [
 "cty 0.1.5",
 "memchr",
]

[[package]]
name = "cty"
version = "0.1.5"
source = "registry+https://github.com/rust-lang/crates.io-index"
checksum = "c4e1d41c471573612df00397113557693b5bf5909666a8acb253930612b93312"

[[package]]
name = "cty"
version = "0.2.1"
source = "registry+https://github.com/rust-lang/crates.io-index"
checksum = "7313c0d620d0cb4dbd9d019e461a4beb501071ff46ec0ab933efb4daa76d73e3"

[[package]]
name = "embedded-ffi"
version = "0.1.2"
source = "registry+https://github.com/rust-lang/crates.io-index"
checksum = "fd14f599e42fab407e90a1f197f0e41a180fa7cfffa1983fe9b15e31f5b30f32"
dependencies = [
 "cstr_core",
]

[[package]]
name = "memchr"
version = "2.4.1"
source = "registry+https://github.com/rust-lang/crates.io-index"
checksum = "308cc39be01b73d0d18f82a0e7b2a3df85245f84af96fdddc5d202d27e47b86a"

[[package]]
name = "ndless"
version = "0.8.7"
source = "registry+https://github.com/rust-lang/crates.io-index"
checksum = "251aae93033194b66b1fb268597e4360f32a4dc22cbd5a30511f7a569a69dc76"
dependencies = [
 "cstr_core",
 "cty 0.2.1",
 "embedded-ffi",
 "ndless-macros",
 "ndless-static-vars",
 "ndless-sys",
]

[[package]]
name = "ndless-handler"
version = "0.3.0"
source = "registry+https://github.com/rust-lang/crates.io-index"
checksum = "bbbf008f773cc72d5fcdab55d07ec4e81e543243905dd3276c17579b0c9d6468"
dependencies = [
 "cty 0.2.1",
 "ndless",
 "ndless-sys",
]

[[package]]
name = "ndless-macros"
version = "0.4.0"
source = "registry+https://github.com/rust-lang/crates.io-index"
checksum = "5e85690a54ad1a967e402b0c3f1def10fb77654ba8225da5a394f2fe62eb275c"
dependencies = [
 "cty 0.1.5",
 "ndless-static-vars",
 "proc-macro2",
 "quote",
 "syn",
]

[[package]]
name = "ndless-static-vars"
version = "2.1.0"
source = "registry+https://github.com/rust-lang/crates.io-index"
checksum = "8a79eb8c316aaa16a603b30b1029954cfefb7fdee709d9e0f3ec1473cdf52d5f"
dependencies = [
 "cty 0.2.1",
]

[[package]]
name = "ndless-sys"
version = "0.2.0"
source = "registry+https://github.com/rust-lang/crates.io-index"
checksum = "0420fb0a8dd269e7b48b21367650ae9a849bc5ad224b92d2fc511ea251a056c7"
dependencies = [
 "cty 0.2.1",
]

[[package]]
name = "proc-macro2"
version = "1.0.28"
source = "registry+https://github.com/rust-lang/crates.io-index"
checksum = "5c7ed8b8c7b886ea3ed7dde405212185f423ab44682667c8c6dd14aa1d9f6612"
dependencies = [
 "unicode-xid",
]

[[package]]
name = "quote"
version = "1.0.9"
source = "registry+https://github.com/rust-lang/crates.io-index"
checksum = "c3d0b9745dc2debf507c8422de05d7226cc1f0644216dfdfead988f9b1ab32a7"
dependencies = [
 "proc-macro2",
]

[[package]]
name = "syn"
version = "1.0.75"
source = "registry+https://github.com/rust-lang/crates.io-index"
checksum = "b7f58f7e8eaa0009c5fec437aabf511bd9933e4b2d7407bd05273c01a8906ea7"
dependencies = [
 "proc-macro2",
 "quote",
 "unicode-xid",
]

[[package]]
name = "unicode-xid"
version = "0.2.2"
source = "registry+https://github.com/rust-lang/crates.io-index"
checksum = "8ccb82d61f80a663efe1f787a51b16b5a51e3314d6ac365b08639f52387b33f3"
